
Microsoft Visual Studio Solution File, Format Version 12.00
# Visual Studio Version 16
VisualStudioVersion = 16.0.29613.14
MinimumVisualStudioVersion = 10.0.40219.1
Project("{FAE04EC0-301F-11D3-BF4B-00C04F79EFBC}") = "EmlakciProq", "EmlakciProq\EmlakciProq.csproj", "{30BDF931-A3CB-4810-A3CA-43AFB2F896F0}"
EndProject
Global
	GlobalSection(SolutionConfigurationPlatforms) = preSolution
		Debug|Any CPU = Debug|Any CPU
		Release|Any CPU = Release|Any CPU
	EndGlobalSection
	GlobalSection(ProjectConfigurationPlatforms) = postSolution
		{30BDF931-A3CB-4810-A3CA-43AFB2F896F0}.Debug|Any CPU.ActiveCfg = Debug|Any CPU
		{30BDF931-A3CB-4810-A3CA-43AFB2F896F0}.Debug|Any CPU.Build.0 = Debug|Any CPU
		{30BDF931-A3CB-4810-A3CA-43AFB2F896F0}.Release|Any CPU.ActiveCfg = Release|Any CPU
		{30BDF931-A3CB-4810-A3CA-43AFB2F896F0}.Release|Any CPU.Build.0 = Release|Any CPU
	EndGlobalSection
	GlobalSection(SolutionProperties) = preSolution
		HideSolutionNode = FALSE
	EndGlobalSection
	GlobalSection(ExtensibilityGlobals) = postSolution
		SolutionGuid = {8B4A0BCA-769C-4240-8848-914C3E7306D2}
	EndGlobalSection
EndGlobal
